
Microsoft Visual Studio Solution File, Format Version 12.00
# Visual Studio Version 16
VisualStudioVersion = 16.0.30907.101
MinimumVisualStudioVersion = 10.0.40219.1
Project("{FAE04EC0-301F-11D3-BF4B-00C04F79EFBC}") = "Contacto", "Contacto\Contacto.csproj", "{D0C9D3DF-5860-4FDC-A982-0D177AD8DF29}"
EndProject
Global
	GlobalSection(SolutionConfigurationPlatforms) = preSolution
		Debug|Any CPU = Debug|Any CPU
		Release|Any CPU = Release|Any CPU
	EndGlobalSection
	GlobalSection(ProjectConfigurationPlatforms) = postSolution
		{D0C9D3DF-5860-4FDC-A982-0D177AD8DF29}.Debug|Any CPU.ActiveCfg = Debug|Any CPU
		{D0C9D3DF-5860-4FDC-A982-0D177AD8DF29}.Debug|Any CPU.Build.0 = Debug|Any CPU
		{D0C9D3DF-5860-4FDC-A982-0D177AD8DF29}.Release|Any CPU.ActiveCfg = Release|Any CPU
		{D0C9D3DF-5860-4FDC-A982-0D177AD8DF29}.Release|Any CPU.Build.0 = Release|Any CPU
	EndGlobalSection
	GlobalSection(SolutionProperties) = preSolution
		HideSolutionNode = FALSE
	EndGlobalSection
	GlobalSection(ExtensibilityGlobals) = postSolution
		SolutionGuid = {0C5F8D30-79B2-40A9-82D0-03916C79CF5D}
	EndGlobalSection
EndGlobal
